
Microsoft Visual Studio Solution File, Format Version 12.00
# Visual Studio Version 16
VisualStudioVersion = 16.0.29911.84
MinimumVisualStudioVersion = 10.0.40219.1
Project("{FAE04EC0-301F-11D3-BF4B-00C04F79EFBC}") = "RA90PrimitiveRoot", "RA90PrimitiveRoot\RA90PrimitiveRoot.csproj", "{94075184-D9DF-4042-8972-D631CB46A660}"
EndProject
Global
	GlobalSection(SolutionConfigurationPlatforms) = preSolution
		Debug|Any CPU = Debug|Any CPU
		Release|Any CPU = Release|Any CPU
	EndGlobalSection
	GlobalSection(ProjectConfigurationPlatforms) = postSolution
		{94075184-D9DF-4042-8972-D631CB46A660}.Debug|Any CPU.ActiveCfg = Debug|Any CPU
		{94075184-D9DF-4042-8972-D631CB46A660}.Debug|Any CPU.Build.0 = Debug|Any CPU
		{94075184-D9DF-4042-8972-D631CB46A660}.Release|Any CPU.ActiveCfg = Release|Any CPU
		{94075184-D9DF-4042-8972-D631CB46A660}.Release|Any CPU.Build.0 = Release|Any CPU
	EndGlobalSection
	GlobalSection(SolutionProperties) = preSolution
		HideSolutionNode = FALSE
	EndGlobalSection
	GlobalSection(ExtensibilityGlobals) = postSolution
		SolutionGuid = {6E8FB8CD-51DD-4745-930B-D16CFA0D2E6B}
	EndGlobalSection
EndGlobal
