
Microsoft Visual Studio Solution File, Format Version 12.00
# Visual Studio Version 16
VisualStudioVersion = 16.0.29911.84
MinimumVisualStudioVersion = 10.0.40219.1
Project("{FAE04EC0-301F-11D3-BF4B-00C04F79EFBC}") = "RA72CarmichaelNumber", "RA72CarmichaelNumber\RA72CarmichaelNumber.csproj", "{D6762368-A0DB-4C03-A326-149D9F433803}"
EndProject
Global
	GlobalSection(SolutionConfigurationPlatforms) = preSolution
		Debug|Any CPU = Debug|Any CPU
		Release|Any CPU = Release|Any CPU
	EndGlobalSection
	GlobalSection(ProjectConfigurationPlatforms) = postSolution
		{D6762368-A0DB-4C03-A326-149D9F433803}.Debug|Any CPU.ActiveCfg = Debug|Any CPU
		{D6762368-A0DB-4C03-A326-149D9F433803}.Debug|Any CPU.Build.0 = Debug|Any CPU
		{D6762368-A0DB-4C03-A326-149D9F433803}.Release|Any CPU.ActiveCfg = Release|Any CPU
		{D6762368-A0DB-4C03-A326-149D9F433803}.Release|Any CPU.Build.0 = Release|Any CPU
	EndGlobalSection
	GlobalSection(SolutionProperties) = preSolution
		HideSolutionNode = FALSE
	EndGlobalSection
	GlobalSection(ExtensibilityGlobals) = postSolution
		SolutionGuid = {7BAC262B-53A6-487C-9EE4-6C04C3A37FDF}
	EndGlobalSection
EndGlobal
