
Microsoft Visual Studio Solution File, Format Version 12.00
# Visual Studio Version 16
VisualStudioVersion = 16.0.29911.84
MinimumVisualStudioVersion = 10.0.40219.1
Project("{FAE04EC0-301F-11D3-BF4B-00C04F79EFBC}") = "RA12BadElement", "RA12BadElement\RA12BadElement.csproj", "{F10AA596-35B3-4C66-9435-A67EC2235F77}"
EndProject
Global
	GlobalSection(SolutionConfigurationPlatforms) = preSolution
		Debug|Any CPU = Debug|Any CPU
		Release|Any CPU = Release|Any CPU
	EndGlobalSection
	GlobalSection(ProjectConfigurationPlatforms) = postSolution
		{F10AA596-35B3-4C66-9435-A67EC2235F77}.Debug|Any CPU.ActiveCfg = Debug|Any CPU
		{F10AA596-35B3-4C66-9435-A67EC2235F77}.Debug|Any CPU.Build.0 = Debug|Any CPU
		{F10AA596-35B3-4C66-9435-A67EC2235F77}.Release|Any CPU.ActiveCfg = Release|Any CPU
		{F10AA596-35B3-4C66-9435-A67EC2235F77}.Release|Any CPU.Build.0 = Release|Any CPU
	EndGlobalSection
	GlobalSection(SolutionProperties) = preSolution
		HideSolutionNode = FALSE
	EndGlobalSection
	GlobalSection(ExtensibilityGlobals) = postSolution
		SolutionGuid = {F3E2874E-C948-45DA-BB08-131B263313BC}
	EndGlobalSection
EndGlobal
